
Microsoft Visual Studio Solution File, Format Version 12.00
# Visual Studio Version 17
VisualStudioVersion = 17.3.32819.101
MinimumVisualStudioVersion = 10.0.40219.1
Project("{FAE04EC0-301F-11D3-BF4B-00C04F79EFBC}") = "Win_Banco", "Win_Banco\Win_Banco.csproj", "{FC1C7F27-603B-4540-9CD7-53C43AC7BBBC}"
EndProject
Global
	GlobalSection(SolutionConfigurationPlatforms) = preSolution
		Debug|Any CPU = Debug|Any CPU
		Release|Any CPU = Release|Any CPU
	EndGlobalSection
	GlobalSection(ProjectConfigurationPlatforms) = postSolution
		{FC1C7F27-603B-4540-9CD7-53C43AC7BBBC}.Debug|Any CPU.ActiveCfg = Debug|Any CPU
		{FC1C7F27-603B-4540-9CD7-53C43AC7BBBC}.Debug|Any CPU.Build.0 = Debug|Any CPU
		{FC1C7F27-603B-4540-9CD7-53C43AC7BBBC}.Release|Any CPU.ActiveCfg = Release|Any CPU
		{FC1C7F27-603B-4540-9CD7-53C43AC7BBBC}.Release|Any CPU.Build.0 = Release|Any CPU
	EndGlobalSection
	GlobalSection(SolutionProperties) = preSolution
		HideSolutionNode = FALSE
	EndGlobalSection
	GlobalSection(ExtensibilityGlobals) = postSolution
		SolutionGuid = {3B2C1B42-303C-448F-A749-0652BB5518E5}
	EndGlobalSection
EndGlobal
